
Microsoft Visual Studio Solution File, Format Version 12.00
# Visual Studio Version 16
VisualStudioVersion = 16.0.29728.190
MinimumVisualStudioVersion = 10.0.40219.1
Project("{F184B08F-C81C-45F6-A57F-5ABD9991F28F}") = "Retail Price Calculator", "Retail Price Calculator\Retail Price Calculator.vbproj", "{39D49175-BC70-4829-BEF4-0DD9D3349B2A}"
EndProject
Global
	GlobalSection(SolutionConfigurationPlatforms) = preSolution
		Debug|Any CPU = Debug|Any CPU
		Release|Any CPU = Release|Any CPU
	EndGlobalSection
	GlobalSection(ProjectConfigurationPlatforms) = postSolution
		{39D49175-BC70-4829-BEF4-0DD9D3349B2A}.Debug|Any CPU.ActiveCfg = Debug|Any CPU
		{39D49175-BC70-4829-BEF4-0DD9D3349B2A}.Debug|Any CPU.Build.0 = Debug|Any CPU
		{39D49175-BC70-4829-BEF4-0DD9D3349B2A}.Release|Any CPU.ActiveCfg = Release|Any CPU
		{39D49175-BC70-4829-BEF4-0DD9D3349B2A}.Release|Any CPU.Build.0 = Release|Any CPU
	EndGlobalSection
	GlobalSection(SolutionProperties) = preSolution
		HideSolutionNode = FALSE
	EndGlobalSection
	GlobalSection(ExtensibilityGlobals) = postSolution
		SolutionGuid = {79FACD51-8BAF-40FB-8346-F8EE13AD0792}
	EndGlobalSection
EndGlobal
