
Microsoft Visual Studio Solution File, Format Version 12.00
# Visual Studio Version 16
VisualStudioVersion = 16.0.29728.190
MinimumVisualStudioVersion = 10.0.40219.1
Project("{F184B08F-C81C-45F6-A57F-5ABD9991F28F}") = "MyFirstProject", "MyFirstProject\MyFirstProject.vbproj", "{93DAF458-83D6-437D-B933-E08A562AE2A0}"
EndProject
Global
	GlobalSection(SolutionConfigurationPlatforms) = preSolution
		Debug|Any CPU = Debug|Any CPU
		Release|Any CPU = Release|Any CPU
	EndGlobalSection
	GlobalSection(ProjectConfigurationPlatforms) = postSolution
		{93DAF458-83D6-437D-B933-E08A562AE2A0}.Debug|Any CPU.ActiveCfg = Debug|Any CPU
		{93DAF458-83D6-437D-B933-E08A562AE2A0}.Debug|Any CPU.Build.0 = Debug|Any CPU
		{93DAF458-83D6-437D-B933-E08A562AE2A0}.Release|Any CPU.ActiveCfg = Release|Any CPU
		{93DAF458-83D6-437D-B933-E08A562AE2A0}.Release|Any CPU.Build.0 = Release|Any CPU
	EndGlobalSection
	GlobalSection(SolutionProperties) = preSolution
		HideSolutionNode = FALSE
	EndGlobalSection
	GlobalSection(ExtensibilityGlobals) = postSolution
		SolutionGuid = {7AAB32AA-F955-463F-A5B0-44F8D371F848}
	EndGlobalSection
EndGlobal
