
Microsoft Visual Studio Solution File, Format Version 12.00
# Visual Studio Version 16
VisualStudioVersion = 16.0.29728.190
MinimumVisualStudioVersion = 10.0.40219.1
Project("{F184B08F-C81C-45F6-A57F-5ABD9991F28F}") = "Loan Calculator", "Loan Calculator\Loan Calculator.vbproj", "{2D49F93B-640A-484F-8B00-C4A217016ACA}"
EndProject
Global
	GlobalSection(SolutionConfigurationPlatforms) = preSolution
		Debug|Any CPU = Debug|Any CPU
		Release|Any CPU = Release|Any CPU
	EndGlobalSection
	GlobalSection(ProjectConfigurationPlatforms) = postSolution
		{2D49F93B-640A-484F-8B00-C4A217016ACA}.Debug|Any CPU.ActiveCfg = Debug|Any CPU
		{2D49F93B-640A-484F-8B00-C4A217016ACA}.Debug|Any CPU.Build.0 = Debug|Any CPU
		{2D49F93B-640A-484F-8B00-C4A217016ACA}.Release|Any CPU.ActiveCfg = Release|Any CPU
		{2D49F93B-640A-484F-8B00-C4A217016ACA}.Release|Any CPU.Build.0 = Release|Any CPU
	EndGlobalSection
	GlobalSection(SolutionProperties) = preSolution
		HideSolutionNode = FALSE
	EndGlobalSection
	GlobalSection(ExtensibilityGlobals) = postSolution
		SolutionGuid = {B8DC24DD-625B-4A92-8923-7BDFA06BBA72}
	EndGlobalSection
EndGlobal
