
Microsoft Visual Studio Solution File, Format Version 12.00
# Visual Studio Version 16
VisualStudioVersion = 16.0.29728.190
MinimumVisualStudioVersion = 10.0.40219.1
Project("{F184B08F-C81C-45F6-A57F-5ABD9991F28F}") = "Shopping Cart System", "Shopping Cart System\Shopping Cart System.vbproj", "{16495600-755B-446A-BD79-8FA32FB9EB07}"
EndProject
Global
	GlobalSection(SolutionConfigurationPlatforms) = preSolution
		Debug|Any CPU = Debug|Any CPU
		Release|Any CPU = Release|Any CPU
	EndGlobalSection
	GlobalSection(ProjectConfigurationPlatforms) = postSolution
		{16495600-755B-446A-BD79-8FA32FB9EB07}.Debug|Any CPU.ActiveCfg = Debug|Any CPU
		{16495600-755B-446A-BD79-8FA32FB9EB07}.Debug|Any CPU.Build.0 = Debug|Any CPU
		{16495600-755B-446A-BD79-8FA32FB9EB07}.Release|Any CPU.ActiveCfg = Release|Any CPU
		{16495600-755B-446A-BD79-8FA32FB9EB07}.Release|Any CPU.Build.0 = Release|Any CPU
	EndGlobalSection
	GlobalSection(SolutionProperties) = preSolution
		HideSolutionNode = FALSE
	EndGlobalSection
	GlobalSection(ExtensibilityGlobals) = postSolution
		SolutionGuid = {CC2C1A88-006C-4BD0-A31A-CC484692A013}
	EndGlobalSection
EndGlobal
