
Microsoft Visual Studio Solution File, Format Version 12.00
# Visual Studio Version 16
VisualStudioVersion = 16.0.29728.190
MinimumVisualStudioVersion = 10.0.40219.1
Project("{F184B08F-C81C-45F6-A57F-5ABD9991F28F}") = "Member List", "Member List\Member List.vbproj", "{5F84C251-0D1A-4154-A375-9E66FE79E30F}"
EndProject
Global
	GlobalSection(SolutionConfigurationPlatforms) = preSolution
		Debug|Any CPU = Debug|Any CPU
		Release|Any CPU = Release|Any CPU
	EndGlobalSection
	GlobalSection(ProjectConfigurationPlatforms) = postSolution
		{5F84C251-0D1A-4154-A375-9E66FE79E30F}.Debug|Any CPU.ActiveCfg = Debug|Any CPU
		{5F84C251-0D1A-4154-A375-9E66FE79E30F}.Debug|Any CPU.Build.0 = Debug|Any CPU
		{5F84C251-0D1A-4154-A375-9E66FE79E30F}.Release|Any CPU.ActiveCfg = Release|Any CPU
		{5F84C251-0D1A-4154-A375-9E66FE79E30F}.Release|Any CPU.Build.0 = Release|Any CPU
	EndGlobalSection
	GlobalSection(SolutionProperties) = preSolution
		HideSolutionNode = FALSE
	EndGlobalSection
	GlobalSection(ExtensibilityGlobals) = postSolution
		SolutionGuid = {F8115E79-23FA-4E30-A7C3-4864D662E670}
	EndGlobalSection
EndGlobal
