
Microsoft Visual Studio Solution File, Format Version 12.00
# Visual Studio Version 16
VisualStudioVersion = 16.0.29728.190
MinimumVisualStudioVersion = 10.0.40219.1
Project("{F184B08F-C81C-45F6-A57F-5ABD9991F28F}") = "Language Translator", "Language Translator\Language Translator.vbproj", "{2DB41472-79B4-47A1-BEC6-F83F13FC0277}"
EndProject
Global
	GlobalSection(SolutionConfigurationPlatforms) = preSolution
		Debug|Any CPU = Debug|Any CPU
		Release|Any CPU = Release|Any CPU
	EndGlobalSection
	GlobalSection(ProjectConfigurationPlatforms) = postSolution
		{2DB41472-79B4-47A1-BEC6-F83F13FC0277}.Debug|Any CPU.ActiveCfg = Debug|Any CPU
		{2DB41472-79B4-47A1-BEC6-F83F13FC0277}.Debug|Any CPU.Build.0 = Debug|Any CPU
		{2DB41472-79B4-47A1-BEC6-F83F13FC0277}.Release|Any CPU.ActiveCfg = Release|Any CPU
		{2DB41472-79B4-47A1-BEC6-F83F13FC0277}.Release|Any CPU.Build.0 = Release|Any CPU
	EndGlobalSection
	GlobalSection(SolutionProperties) = preSolution
		HideSolutionNode = FALSE
	EndGlobalSection
	GlobalSection(ExtensibilityGlobals) = postSolution
		SolutionGuid = {795071F0-F87D-4061-BE21-3C50BEC1AD2B}
	EndGlobalSection
EndGlobal
