
Microsoft Visual Studio Solution File, Format Version 12.00
# Visual Studio Version 16
VisualStudioVersion = 16.0.29728.190
MinimumVisualStudioVersion = 10.0.40219.1
Project("{F184B08F-C81C-45F6-A57F-5ABD9991F28F}") = "Employee Data", "Employee Data\Employee Data.vbproj", "{06D0053A-37AD-4817-8A6E-E6F6BD7005B3}"
EndProject
Global
	GlobalSection(SolutionConfigurationPlatforms) = preSolution
		Debug|Any CPU = Debug|Any CPU
		Release|Any CPU = Release|Any CPU
	EndGlobalSection
	GlobalSection(ProjectConfigurationPlatforms) = postSolution
		{06D0053A-37AD-4817-8A6E-E6F6BD7005B3}.Debug|Any CPU.ActiveCfg = Debug|Any CPU
		{06D0053A-37AD-4817-8A6E-E6F6BD7005B3}.Debug|Any CPU.Build.0 = Debug|Any CPU
		{06D0053A-37AD-4817-8A6E-E6F6BD7005B3}.Release|Any CPU.ActiveCfg = Release|Any CPU
		{06D0053A-37AD-4817-8A6E-E6F6BD7005B3}.Release|Any CPU.Build.0 = Release|Any CPU
	EndGlobalSection
	GlobalSection(SolutionProperties) = preSolution
		HideSolutionNode = FALSE
	EndGlobalSection
	GlobalSection(ExtensibilityGlobals) = postSolution
		SolutionGuid = {ED0703AC-EBB5-4E6D-BB26-A9C31128B9C8}
	EndGlobalSection
EndGlobal
