
Microsoft Visual Studio Solution File, Format Version 12.00
# Visual Studio Version 16
VisualStudioVersion = 16.0.29728.190
MinimumVisualStudioVersion = 10.0.40219.1
Project("{F184B08F-C81C-45F6-A57F-5ABD9991F28F}") = "Kayak Browser", "Kayak Browser\Kayak Browser.vbproj", "{D310EC73-70B1-4D1F-AFE1-13215A3E4CBF}"
EndProject
Global
	GlobalSection(SolutionConfigurationPlatforms) = preSolution
		Debug|Any CPU = Debug|Any CPU
		Release|Any CPU = Release|Any CPU
	EndGlobalSection
	GlobalSection(ProjectConfigurationPlatforms) = postSolution
		{D310EC73-70B1-4D1F-AFE1-13215A3E4CBF}.Debug|Any CPU.ActiveCfg = Debug|Any CPU
		{D310EC73-70B1-4D1F-AFE1-13215A3E4CBF}.Debug|Any CPU.Build.0 = Debug|Any CPU
		{D310EC73-70B1-4D1F-AFE1-13215A3E4CBF}.Release|Any CPU.ActiveCfg = Release|Any CPU
		{D310EC73-70B1-4D1F-AFE1-13215A3E4CBF}.Release|Any CPU.Build.0 = Release|Any CPU
	EndGlobalSection
	GlobalSection(SolutionProperties) = preSolution
		HideSolutionNode = FALSE
	EndGlobalSection
	GlobalSection(ExtensibilityGlobals) = postSolution
		SolutionGuid = {057B70BA-BCEA-41CF-8CAE-EA501374FBD3}
	EndGlobalSection
EndGlobal
