
Microsoft Visual Studio Solution File, Format Version 12.00
# Visual Studio Version 16
VisualStudioVersion = 16.0.29728.190
MinimumVisualStudioVersion = 10.0.40219.1
Project("{F184B08F-C81C-45F6-A57F-5ABD9991F28F}") = "Health Club Membership Fee Calculator", "Health Club Membership Fee Calculator\Health Club Membership Fee Calculator.vbproj", "{1B3A8468-5E9F-4899-B9BF-9949CE3E317B}"
EndProject
Global
	GlobalSection(SolutionConfigurationPlatforms) = preSolution
		Debug|Any CPU = Debug|Any CPU
		Release|Any CPU = Release|Any CPU
	EndGlobalSection
	GlobalSection(ProjectConfigurationPlatforms) = postSolution
		{1B3A8468-5E9F-4899-B9BF-9949CE3E317B}.Debug|Any CPU.ActiveCfg = Debug|Any CPU
		{1B3A8468-5E9F-4899-B9BF-9949CE3E317B}.Debug|Any CPU.Build.0 = Debug|Any CPU
		{1B3A8468-5E9F-4899-B9BF-9949CE3E317B}.Release|Any CPU.ActiveCfg = Release|Any CPU
		{1B3A8468-5E9F-4899-B9BF-9949CE3E317B}.Release|Any CPU.Build.0 = Release|Any CPU
	EndGlobalSection
	GlobalSection(SolutionProperties) = preSolution
		HideSolutionNode = FALSE
	EndGlobalSection
	GlobalSection(ExtensibilityGlobals) = postSolution
		SolutionGuid = {E47EB6D7-7032-4DB3-990F-508970235A99}
	EndGlobalSection
EndGlobal
